// !$*UTF8*$!
{
	archiveVersion = 1;
	classes = {
	};
	objectVersion = 56;
	objects = {

/* Begin PBXBuildFile section */
		2D28ABD52C53D38500FC6470 /* newFinalGroupProjectApp.swift in Sources */ = {isa = PBXBuildFile; fileRef = 2D28ABD42C53D38500FC6470 /* newFinalGroupProjectApp.swift */; };
		2D28ABD72C53D38500FC6470 /* ContentView.swift in Sources */ = {isa = PBXBuildFile; fileRef = 2D28ABD62C53D38500FC6470 /* ContentView.swift */; };
		2D28ABD92C53D38700FC6470 /* Assets.xcassets in Resources */ = {isa = PBXBuildFile; fileRef = 2D28ABD82C53D38700FC6470 /* Assets.xcassets */; };
		2D28ABDC2C53D38700FC6470 /* Preview Assets.xcassets in Resources */ = {isa = PBXBuildFile; fileRef = 2D28ABDB2C53D38700FC6470 /* Preview Assets.xcassets */; };
		2D28ABE62C53D38700FC6470 /* newFinalGroupProjectTests.swift in Sources */ = {isa = PBXBuildFile; fileRef = 2D28ABE52C53D38700FC6470 /* newFinalGroupProjectTests.swift */; };
		2D28ABF02C53D38700FC6470 /* newFinalGroupProjectUITests.swift in Sources */ = {isa = PBXBuildFile; fileRef = 2D28ABEF2C53D38700FC6470 /* newFinalGroupProjectUITests.swift */; };
		2D28ABF22C53D38700FC6470 /* newFinalGroupProjectUITestsLaunchTests.swift in Sources */ = {isa = PBXBuildFile; fileRef = 2D28ABF12C53D38700FC6470 /* newFinalGroupProjectUITestsLaunchTests.swift */; };
/* End PBXBuildFile section */

/* Begin PBXContainerItemProxy section */
		2D28ABE22C53D38700FC6470 /* PBXContainerItemProxy */ = {
			isa = PBXContainerItemProxy;
			containerPortal = 2D28ABC92C53D38500FC6470 /* Project object */;
			proxyType = 1;
			remoteGlobalIDString = 2D28ABD02C53D38500FC6470;
			remoteInfo = newFinalGroupProject;
		};
		2D28ABEC2C53D38700FC6470 /* PBXContainerItemProxy */ = {
			isa = PBXContainerItemProxy;
			containerPortal = 2D28ABC92C53D38500FC6470 /* Project object */;
			proxyType = 1;
			remoteGlobalIDString = 2D28ABD02C53D38500FC6470;
			remoteInfo = newFinalGroupProject;
		};
/* End PBXContainerItemProxy section */

/* Begin PBXFileReference section */
		2D28ABD12C53D38500FC6470 /* newFinalGroupProject.app */ = {isa = PBXFileReference; explicitFileType = wrapper.application; includeInIndex = 0; path = newFinalGroupProject.app; sourceTree = BUILT_PRODUCTS_DIR; };
		2D28ABD42C53D38500FC6470 /* newFinalGroupProjectApp.swift */ = {isa = PBXFileReference; lastKnownFileType = sourcecode.swift; path = newFinalGroupProjectApp.swift; sourceTree = "<group>"; };
		2D28ABD62C53D38500FC6470 /* ContentView.swift */ = {isa = PBXFileReference; lastKnownFileType = sourcecode.swift; path = ContentView.swift; sourceTree = "<group>"; };
		2D28ABD82C53D38700FC6470 /* Assets.xcassets */ = {isa = PBXFileReference; lastKnownFileType = folder.assetcatalog; path = Assets.xcassets; sourceTree = "<group>"; };
		2D28ABDB2C53D38700FC6470 /* Preview Assets.xcassets */ = {isa = PBXFileReference; lastKnownFileType = folder.assetcatalog; path = "Preview Assets.xcassets"; sourceTree = "<group>"; };
		2D28ABE12C53D38700FC6470 /* newFinalGroupProjectTests.xctest */ = {isa = PBXFileReference; explicitFileType = wrapper.cfbundle; includeInIndex = 0; path = newFinalGroupProjectTests.xctest; sourceTree = BUILT_PRODUCTS_DIR; };
		2D28ABE52C53D38700FC6470 /* newFinalGroupProjectTests.swift */ = {isa = PBXFileReference; lastKnownFileType = sourcecode.swift; path = newFinalGroupProjectTests.swift; sourceTree = "<group>"; };
		2D28ABEB2C53D38700FC6470 /* newFinalGroupProjectUITests.xctest */ = {isa = PBXFileReference; explicitFileType = wrapper.cfbundle; includeInIndex = 0; path = newFinalGroupProjectUITests.xctest; sourceTree = BUILT_PRODUCTS_DIR; };
		2D28ABEF2C53D38700FC6470 /* newFinalGroupProjectUITests.swift */ = {isa = PBXFileReference; lastKnownFileType = sourcecode.swift; path = newFinalGroupProjectUITests.swift; sourceTree = "<group>"; };
		2D28ABF12C53D38700FC6470 /* newFinalGroupProjectUITestsLaunchTests.swift */ = {isa = PBXFileReference; lastKnownFileType = sourcecode.swift; path = newFinalGroupProjectUITestsLaunchTests.swift; sourceTree = "<group>"; };
/* End PBXFileReference section */

/* Begin PBXFrameworksBuildPhase section */
		2D28ABCE2C53D38500FC6470 /* Frameworks */ = {
			isa = PBXFrameworksBuildPhase;
			buildActionMask = 2147483647;
			files = (
			);
			runOnlyForDeploymentPostprocessing = 0;
		};
		2D28ABDE2C53D38700FC6470 /* Frameworks */ = {
			isa = PBXFrameworksBuildPhase;
			buildActionMask = 2147483647;
			files = (
			);
			runOnlyForDeploymentPostprocessing = 0;
		};
		2D28ABE82C53D38700FC6470 /* Frameworks */ = {
			isa = PBXFrameworksBuildPhase;
			buildActionMask = 2147483647;
			files = (
			);
			runOnlyForDeploymentPostprocessing = 0;
		};
/* End PBXFrameworksBuildPhase section */

/* Begin PBXGroup section */
		2D28ABC82C53D38500FC6470 = {
			isa = PBXGroup;
			children = (
				2D28ABD32C53D38500FC6470 /* newFinalGroupProject */,
				2D28ABE42C53D38700FC6470 /* newFinalGroupProjectTests */,
				2D28ABEE2C53D38700FC6470 /* newFinalGroupProjectUITests */,
				2D28ABD22C53D38500FC6470 /* Products */,
			);
			sourceTree = "<group>";
		};
		2D28ABD22C53D38500FC6470 /* Products */ = {
			isa = PBXGroup;
			children = (
				2D28ABD12C53D38500FC6470 /* newFinalGroupProject.app */,
				2D28ABE12C53D38700FC6470 /* newFinalGroupProjectTests.xctest */,
				2D28ABEB2C53D38700FC6470 /* newFinalGroupProjectUITests.xctest */,
			);
			name = Products;
			sourceTree = "<group>";
		};
		2D28ABD32C53D38500FC6470 /* newFinalGroupProject */ = {
			isa = PBXGroup;
			children = (
				2D28ABD42C53D38500FC6470 /* newFinalGroupProjectApp.swift */,
				2D28ABD62C53D38500FC6470 /* ContentView.swift */,
				2D28ABD82C53D38700FC6470 /* Assets.xcassets */,
				2D28ABDA2C53D38700FC6470 /* Preview Content */,
			);
			path = newFinalGroupProject;
			sourceTree = "<group>";
		};
		2D28ABDA2C53D38700FC6470 /* Preview Content */ = {
			isa = PBXGroup;
			children = (
				2D28ABDB2C53D38700FC6470 /* Preview Assets.xcassets */,
			);
			path = "Preview Content";
			sourceTree = "<group>";
		};
		2D28ABE42C53D38700FC6470 /* newFinalGroupProjectTests */ = {
			isa = PBXGroup;
			children = (
				2D28ABE52C53D38700FC6470 /* newFinalGroupProjectTests.swift */,
			);
			path = newFinalGroupProjectTests;
			sourceTree = "<group>";
		};
		2D28ABEE2C53D38700FC6470 /* newFinalGroupProjectUITests */ = {
			isa = PBXGroup;
			children = (
				2D28ABEF2C53D38700FC6470 /* newFinalGroupProjectUITests.swift */,
				2D28ABF12C53D38700FC6470 /* newFinalGroupProjectUITestsLaunchTests.swift */,
			);
			path = newFinalGroupProjectUITests;
			sourceTree = "<group>";
		};
/* End PBXGroup section */

/* Begin PBXNativeTarget section */
		2D28ABD02C53D38500FC6470 /* newFinalGroupProject */ = {
			isa = PBXNativeTarget;
			buildConfigurationList = 2D28ABF52C53D38700FC6470 /* Build configuration list for PBXNativeTarget "newFinalGroupProject" */;
			buildPhases = (
				2D28ABCD2C53D38500FC6470 /* Sources */,
				2D28ABCE2C53D38500FC6470 /* Frameworks */,
				2D28ABCF2C53D38500FC6470 /* Resources */,
			);
			buildRules = (
			);
			dependencies = (
			);
			name = newFinalGroupProject;
			productName = newFinalGroupProject;
			productReference = 2D28ABD12C53D38500FC6470 /* newFinalGroupProject.app */;
			productType = "com.apple.product-type.application";
		};
		2D28ABE02C53D38700FC6470 /* newFinalGroupProjectTests */ = {
			isa = PBXNativeTarget;
			buildConfigurationList = 2D28ABF82C53D38700FC6470 /* Build configuration list for PBXNativeTarget "newFinalGroupProjectTests" */;
			buildPhases = (
				2D28ABDD2C53D38700FC6470 /* Sources */,
				2D28ABDE2C53D38700FC6470 /* Frameworks */,
				2D28ABDF2C53D38700FC6470 /* Resources */,
			);
			buildRules = (
			);
			dependencies = (
				2D28ABE32C53D38700FC6470 /* PBXTargetDependency */,
			);
			name = newFinalGroupProjectTests;
			productName = newFinalGroupProjectTests;
			productReference = 2D28ABE12C53D38700FC6470 /* newFinalGroupProjectTests.xctest */;
			productType = "com.apple.product-type.bundle.unit-test";
		};
		2D28ABEA2C53D38700FC6470 /* newFinalGroupProjectUITests */ = {
			isa = PBXNativeTarget;
			buildConfigurationList = 2D28ABFB2C53D38700FC6470 /* Build configuration list for PBXNativeTarget "newFinalGroupProjectUITests" */;
			buildPhases = (
				2D28ABE72C53D38700FC6470 /* Sources */,
				2D28ABE82C53D38700FC6470 /* Frameworks */,
				2D28ABE92C53D38700FC6470 /* Resources */,
			);
			buildRules = (
			);
			dependencies = (
				2D28ABED2C53D38700FC6470 /* PBXTargetDependency */,
			);
			name = newFinalGroupProjectUITests;
			productName = newFinalGroupProjectUITests;
			productReference = 2D28ABEB2C53D38700FC6470 /* newFinalGroupProjectUITests.xctest */;
			productType = "com.apple.product-type.bundle.ui-testing";
		};
/* End PBXNativeTarget section */

/* Begin PBXProject section */
		2D28ABC92C53D38500FC6470 /* Project object */ = {
			isa = PBXProject;
			attributes = {
				BuildIndependentTargetsInParallel = 1;
				LastSwiftUpdateCheck = 1540;
				LastUpgradeCheck = 1540;
				TargetAttributes = {
					2D28ABD02C53D38500FC6470 = {
						CreatedOnToolsVersion = 15.4;
					};
					2D28ABE02C53D38700FC6470 = {
						CreatedOnToolsVersion = 15.4;
						TestTargetID = 2D28ABD02C53D38500FC6470;
					};
					2D28ABEA2C53D38700FC6470 = {
						CreatedOnToolsVersion = 15.4;
						TestTargetID = 2D28ABD02C53D38500FC6470;
					};
				};
			};
			buildConfigurationList = 2D28ABCC2C53D38500FC6470 /* Build configuration list for PBXProject "newFinalGroupProject" */;
			compatibilityVersion = "Xcode 14.0";
			developmentRegion = en;
			hasScannedForEncodings = 0;
			knownRegions = (
				en,
				Base,
			);
			mainGroup = 2D28ABC82C53D38500FC6470;
			productRefGroup = 2D28ABD22C53D38500FC6470 /* Products */;
			projectDirPath = "";
			projectRoot = "";
			targets = (
				2D28ABD02C53D38500FC6470 /* newFinalGroupProject */,
				2D28ABE02C53D38700FC6470 /* newFinalGroupProjectTests */,
				2D28ABEA2C53D38700FC6470 /* newFinalGroupProjectUITests */,
			);
		};
/* End PBXProject section */

/* Begin PBXResourcesBuildPhase section */
		2D28ABCF2C53D38500FC6470 /* Resources */ = {
			isa = PBXResourcesBuildPhase;
			buildActionMask = 2147483647;
			files = (
				2D28ABDC2C53D38700FC6470 /* Preview Assets.xcassets in Resources */,
				2D28ABD92C53D38700FC6470 /* Assets.xcassets in Resources */,
			);
			runOnlyForDeploymentPostprocessing = 0;
		};
		2D28ABDF2C53D38700FC6470 /* Resources */ = {
			isa = PBXResourcesBuildPhase;
			buildActionMask = 2147483647;
			files = (
			);
			runOnlyForDeploymentPostprocessing = 0;
		};
		2D28ABE92C53D38700FC6470 /* Resources */ = {
			isa = PBXResourcesBuildPhase;
			buildActionMask = 2147483647;
			files = (
			);
			runOnlyForDeploymentPostprocessing = 0;
		};
/* End PBXResourcesBuildPhase section */

/* Begin PBXSourcesBuildPhase section */
		2D28ABCD2C53D38500FC6470 /* Sources */ = {
			isa = PBXSourcesBuildPhase;
			buildActionMask = 2147483647;
			files = (
				2D28ABD72C53D38500FC6470 /* ContentView.swift in Sources */,
				2D28ABD52C53D38500FC6470 /* newFinalGroupProjectApp.swift in Sources */,
			);
			runOnlyForDeploymentPostprocessing = 0;
		};
		2D28ABDD2C53D38700FC6470 /* Sources */ = {
			isa = PBXSourcesBuildPhase;
			buildActionMask = 2147483647;
			files = (
				2D28ABE62C53D38700FC6470 /* newFinalGroupProjectTests.swift in Sources */,
			);
			runOnlyForDeploymentPostprocessing = 0;
		};
		2D28ABE72C53D38700FC6470 /* Sources */ = {
			isa = PBXSourcesBuildPhase;
			buildActionMask = 2147483647;
			files = (
				2D28ABF22C53D38700FC6470 /* newFinalGroupProjectUITestsLaunchTests.swift in Sources */,
				2D28ABF02C53D38700FC6470 /* newFinalGroupProjectUITests.swift in Sources */,
			);
			runOnlyForDeploymentPostprocessing = 0;
		};
/* End PBXSourcesBuildPhase section */

/* Begin PBXTargetDependency section */
		2D28ABE32C53D38700FC6470 /* PBXTargetDependency */ = {
			isa = PBXTargetDependency;
			target = 2D28ABD02C53D38500FC6470 /* newFinalGroupProject */;
			targetProxy = 2D28ABE22C53D38700FC6470 /* PBXContainerItemProxy */;
		};
		2D28ABED2C53D38700FC6470 /* PBXTargetDependency */ = {
			isa = PBXTargetDependency;
			target = 2D28ABD02C53D38500FC6470 /* newFinalGroupProject */;
			targetProxy = 2D28ABEC2C53D38700FC6470 /* PBXContainerItemProxy */;
		};
/* End PBXTargetDependency section */

/* Begin XCBuildConfiguration section */
		2D28ABF32C53D38700FC6470 /* Debug */ = {
			isa = XCBuildConfiguration;
			buildSettings = {
				ALWAYS_SEARCH_USER_PATHS = NO;
				ASSETCATALOG_COMPILER_GENERATE_SWIFT_ASSET_SYMBOL_EXTENSIONS = YES;
				CLANG_ANALYZER_NONNULL = YES;
				CLANG_ANALYZER_NUMBER_OBJECT_CONVERSION = YES_AGGRESSIVE;
				CLANG_CXX_LANGUAGE_STANDARD = "gnu++20";
				CLANG_ENABLE_MODULES = YES;
				CLANG_ENABLE_OBJC_ARC = YES;
				CLANG_ENABLE_OBJC_WEAK = YES;
				CLANG_WARN_BLOCK_CAPTURE_AUTORELEASING = YES;
				CLANG_WARN_BOOL_CONVERSION = YES;
				CLANG_WARN_COMMA = YES;
				CLANG_WARN_CONSTANT_CONVERSION = YES;
				CLANG_WARN_DEPRECATED_OBJC_IMPLEMENTATIONS = YES;
				CLANG_WARN_DIRECT_OBJC_ISA_USAGE = YES_ERROR;
				CLANG_WARN_DOCUMENTATION_COMMENTS = YES;
				CLANG_WARN_EMPTY_BODY = YES;
				CLANG_WARN_ENUM_CONVERSION = YES;
				CLANG_WARN_INFINITE_RECURSION = YES;
				CLANG_WARN_INT_CONVERSION = YES;
				CLANG_WARN_NON_LITERAL_NULL_CONVERSION = YES;
				CLANG_WARN_OBJC_IMPLICIT_RETAIN_SELF = YES;
				CLANG_WARN_OBJC_LITERAL_CONVERSION = YES;
				CLANG_WARN_OBJC_ROOT_CLASS = YES_ERROR;
				CLANG_WARN_QUOTED_INCLUDE_IN_FRAMEWORK_HEADER = YES;
				CLANG_WARN_RANGE_LOOP_ANALYSIS = YES;
				CLANG_WARN_STRICT_PROTOTYPES = YES;
				CLANG_WARN_SUSPICIOUS_MOVE = YES;
				CLANG_WARN_UNGUARDED_AVAILABILITY = YES_AGGRESSIVE;
				CLANG_WARN_UNREACHABLE_CODE = YES;
				CLANG_WARN__DUPLICATE_METHOD_MATCH = YES;
				COPY_PHASE_STRIP = NO;
				DEBUG_INFORMATION_FORMAT = dwarf;
				ENABLE_STRICT_OBJC_MSGSEND = YES;
				ENABLE_TESTABILITY = YES;
				ENABLE_USER_SCRIPT_SANDBOXING = YES;
				GCC_C_LANGUAGE_STANDARD = gnu17;
				GCC_DYNAMIC_NO_PIC = NO;
				GCC_NO_COMMON_BLOCKS = YES;
				GCC_OPTIMIZATION_LEVEL = 0;
				GCC_PREPROCESSOR_DEFINITIONS = (
					"DEBUG=1",
					"$(inherited)",
				);
				GCC_WARN_64_TO_32_BIT_CONVERSION = YES;
				GCC_WARN_ABOUT_RETURN_TYPE = YES_ERROR;
				GCC_WARN_UNDECLARED_SELECTOR = YES;
				GCC_WARN_UNINITIALIZED_AUTOS = YES_AGGRESSIVE;
				GCC_WARN_UNUSED_FUNCTION = YES;
				GCC_WARN_UNUSED_VARIABLE = YES;
				IPHONEOS_DEPLOYMENT_TARGET = 17.5;
				LOCALIZATION_PREFERS_STRING_CATALOGS = YES;
				MTL_ENABLE_DEBUG_INFO = INCLUDE_SOURCE;
				MTL_FAST_MATH = YES;
				ONLY_ACTIVE_ARCH = YES;
				SDKROOT = iphoneos;
				SWIFT_ACTIVE_COMPILATION_CONDITIONS = "DEBUG $(inherited)";
				SWIFT_OPTIMIZATION_LEVEL = "-Onone";
			};
			name = Debug;
		};
		2D28ABF42C53D38700FC6470 /* Release */ = {
			isa = XCBuildConfiguration;
			buildSettings = {
				ALWAYS_SEARCH_USER_PATHS = NO;
				ASSETCATALOG_COMPILER_GENERATE_SWIFT_ASSET_SYMBOL_EXTENSIONS = YES;
				CLANG_ANALYZER_NONNULL = YES;
				CLANG_ANALYZER_NUMBER_OBJECT_CONVERSION = YES_AGGRESSIVE;
				CLANG_CXX_LANGUAGE_STANDARD = "gnu++20";
				CLANG_ENABLE_MODULES = YES;
				CLANG_ENABLE_OBJC_ARC = YES;
				CLANG_ENABLE_OBJC_WEAK = YES;
				CLANG_WARN_BLOCK_CAPTURE_AUTORELEASING = YES;
				CLANG_WARN_BOOL_CONVERSION = YES;
				CLANG_WARN_COMMA = YES;
				CLANG_WARN_CONSTANT_CONVERSION = YES;
				CLANG_WARN_DEPRECATED_OBJC_IMPLEMENTATIONS = YES;
				CLANG_WARN_DIRECT_OBJC_ISA_USAGE = YES_ERROR;
				CLANG_WARN_DOCUMENTATION_COMMENTS = YES;
				CLANG_WARN_EMPTY_BODY = YES;
				CLANG_WARN_ENUM_CONVERSION = YES;
				CLANG_WARN_INFINITE_RECURSION = YES;
				CLANG_WARN_INT_CONVERSION = YES;
				CLANG_WARN_NON_LITERAL_NULL_CONVERSION = YES;
				CLANG_WARN_OBJC_IMPLICIT_RETAIN_SELF = YES;
				CLANG_WARN_OBJC_LITERAL_CONVERSION = YES;
				CLANG_WARN_OBJC_ROOT_CLASS = YES_ERROR;
				CLANG_WARN_QUOTED_INCLUDE_IN_FRAMEWORK_HEADER = YES;
				CLANG_WARN_RANGE_LOOP_ANALYSIS = YES;
				CLANG_WARN_STRICT_PROTOTYPES = YES;
				CLANG_WARN_SUSPICIOUS_MOVE = YES;
				CLANG_WARN_UNGUARDED_AVAILABILITY = YES_AGGRESSIVE;
				CLANG_WARN_UNREACHABLE_CODE = YES;
				CLANG_WARN__DUPLICATE_METHOD_MATCH = YES;
				COPY_PHASE_STRIP = NO;
				DEBUG_INFORMATION_FORMAT = "dwarf-with-dsym";
				ENABLE_NS_ASSERTIONS = NO;
				ENABLE_STRICT_OBJC_MSGSEND = YES;
				ENABLE_USER_SCRIPT_SANDBOXING = YES;
				GCC_C_LANGUAGE_STANDARD = gnu17;
				GCC_NO_COMMON_BLOCKS = YES;
				GCC_WARN_64_TO_32_BIT_CONVERSION = YES;
				GCC_WARN_ABOUT_RETURN_TYPE = YES_ERROR;
				GCC_WARN_UNDECLARED_SELECTOR = YES;
				GCC_WARN_UNINITIALIZED_AUTOS = YES_AGGRESSIVE;
				GCC_WARN_UNUSED_FUNCTION = YES;
				GCC_WARN_UNUSED_VARIABLE = YES;
				IPHONEOS_DEPLOYMENT_TARGET = 17.5;
				LOCALIZATION_PREFERS_STRING_CATALOGS = YES;
				MTL_ENABLE_DEBUG_INFO = NO;
				MTL_FAST_MATH = YES;
				SDKROOT = iphoneos;
				SWIFT_COMPILATION_MODE = wholemodule;
				VALIDATE_PRODUCT = YES;
			};
			name = Release;
		};
		2D28ABF62C53D38700FC6470 /* Debug */ = {
			isa = XCBuildConfiguration;
			buildSettings = {
				ASSETCATALOG_COMPILER_APPICON_NAME = AppIcon;
				ASSETCATALOG_COMPILER_GLOBAL_ACCENT_COLOR_NAME = AccentColor;
				CODE_SIGN_STYLE = Automatic;
				CURRENT_PROJECT_VERSION = 1;
				DEVELOPMENT_ASSET_PATHS = "\"newFinalGroupProject/Preview Content\"";
				ENABLE_PREVIEWS = YES;
				GENERATE_INFOPLIST_FILE = YES;
				INFOPLIST_KEY_UIApplicationSceneManifest_Generation = YES;
				INFOPLIST_KEY_UIApplicationSupportsIndirectInputEvents = YES;
				INFOPLIST_KEY_UILaunchScreen_Generation = YES;
				INFOPLIST_KEY_UISupportedInterfaceOrientations_iPad = "UIInterfaceOrientationPortrait UIInterfaceOrientationPortraitUpsideDown UIInterfaceOrientationLandscapeLeft UIInterfaceOrientationLandscapeRight";
				INFOPLIST_KEY_UISupportedInterfaceOrientations_iPhone = "UIInterfaceOrientationPortrait UIInterfaceOrientationLandscapeLeft UIInterfaceOrientationLandscapeRight";
				LD_RUNPATH_SEARCH_PATHS = (
					"$(inherited)",
					"@executable_path/Frameworks",
				);
				MARKETING_VERSION = 1.0;
				PRODUCT_BUNDLE_IDENTIFIER = kwk.newFinalGroupProject;
				PRODUCT_NAME = "$(TARGET_NAME)";
				SWIFT_EMIT_LOC_STRINGS = YES;
				SWIFT_VERSION = 5.0;
				TARGETED_DEVICE_FAMILY = "1,2";
			};
			name = Debug;
		};
		2D28ABF72C53D38700FC6470 /* Release */ = {
			isa = XCBuildConfiguration;
			buildSettings = {
				ASSETCATALOG_COMPILER_APPICON_NAME = AppIcon;
				ASSETCATALOG_COMPILER_GLOBAL_ACCENT_COLOR_NAME = AccentColor;
				CODE_SIGN_STYLE = Automatic;
				CURRENT_PROJECT_VERSION = 1;
				DEVELOPMENT_ASSET_PATHS = "\"newFinalGroupProject/Preview Content\"";
				ENABLE_PREVIEWS = YES;
				GENERATE_INFOPLIST_FILE = YES;
				INFOPLIST_KEY_UIApplicationSceneManifest_Generation = YES;
				INFOPLIST_KEY_UIApplicationSupportsIndirectInputEvents = YES;
				INFOPLIST_KEY_UILaunchScreen_Generation = YES;
				INFOPLIST_KEY_UISupportedInterfaceOrientations_iPad = "UIInterfaceOrientationPortrait UIInterfaceOrientationPortraitUpsideDown UIInterfaceOrientationLandscapeLeft UIInterfaceOrientationLandscapeRight";
				INFOPLIST_KEY_UISupportedInterfaceOrientations_iPhone = "UIInterfaceOrientationPortrait UIInterfaceOrientationLandscapeLeft UIInterfaceOrientationLandscapeRight";
				LD_RUNPATH_SEARCH_PATHS = (
					"$(inherited)",
					"@executable_path/Frameworks",
				);
				MARKETING_VERSION = 1.0;
				PRODUCT_BUNDLE_IDENTIFIER = kwk.newFinalGroupProject;
				PRODUCT_NAME = "$(TARGET_NAME)";
				SWIFT_EMIT_LOC_STRINGS = YES;
				SWIFT_VERSION = 5.0;
				TARGETED_DEVICE_FAMILY = "1,2";
			};
			name = Release;
		};
		2D28ABF92C53D38700FC6470 /* Debug */ = {
			isa = XCBuildConfiguration;
			buildSettings = {
				ALWAYS_EMBED_SWIFT_STANDARD_LIBRARIES = YES;
				BUNDLE_LOADER = "$(TEST_HOST)";
				CODE_SIGN_STYLE = Automatic;
				CURRENT_PROJECT_VERSION = 1;
				GENERATE_INFOPLIST_FILE = YES;
				IPHONEOS_DEPLOYMENT_TARGET = 17.5;
				MARKETING_VERSION = 1.0;
				PRODUCT_BUNDLE_IDENTIFIER = kwk.newFinalGroupProjectTests;
				PRODUCT_NAME = "$(TARGET_NAME)";
				SWIFT_EMIT_LOC_STRINGS = NO;
				SWIFT_VERSION = 5.0;
				TARGETED_DEVICE_FAMILY = "1,2";
				TEST_HOST = "$(BUILT_PRODUCTS_DIR)/newFinalGroupProject.app/$(BUNDLE_EXECUTABLE_FOLDER_PATH)/newFinalGroupProject";
			};
			name = Debug;
		};
		2D28ABFA2C53D38700FC6470 /* Release */ = {
			isa = XCBuildConfiguration;
			buildSettings = {
				ALWAYS_EMBED_SWIFT_STANDARD_LIBRARIES = YES;
				BUNDLE_LOADER = "$(TEST_HOST)";
				CODE_SIGN_STYLE = Automatic;
				CURRENT_PROJECT_VERSION = 1;
				GENERATE_INFOPLIST_FILE = YES;
				IPHONEOS_DEPLOYMENT_TARGET = 17.5;
				MARKETING_VERSION = 1.0;
				PRODUCT_BUNDLE_IDENTIFIER = kwk.newFinalGroupProjectTests;
				PRODUCT_NAME = "$(TARGET_NAME)";
				SWIFT_EMIT_LOC_STRINGS = NO;
				SWIFT_VERSION = 5.0;
				TARGETED_DEVICE_FAMILY = "1,2";
				TEST_HOST = "$(BUILT_PRODUCTS_DIR)/newFinalGroupProject.app/$(BUNDLE_EXECUTABLE_FOLDER_PATH)/newFinalGroupProject";
			};
			name = Release;
		};
		2D28ABFC2C53D38700FC6470 /* Debug */ = {
			isa = XCBuildConfiguration;
			buildSettings = {
				ALWAYS_EMBED_SWIFT_STANDARD_LIBRARIES = YES;
				CODE_SIGN_STYLE = Automatic;
				CURRENT_PROJECT_VERSION = 1;
				GENERATE_INFOPLIST_FILE = YES;
				MARKETING_VERSION = 1.0;
				PRODUCT_BUNDLE_IDENTIFIER = kwk.newFinalGroupProjectUITests;
				PRODUCT_NAME = "$(TARGET_NAME)";
				SWIFT_EMIT_LOC_STRINGS = NO;
				SWIFT_VERSION = 5.0;
				TARGETED_DEVICE_FAMILY = "1,2";
				TEST_TARGET_NAME = newFinalGroupProject;
			};
			name = Debug;
		};
		2D28ABFD2C53D38700FC6470 /* Release */ = {
			isa = XCBuildConfiguration;
			buildSettings = {
				ALWAYS_EMBED_SWIFT_STANDARD_LIBRARIES = YES;
				CODE_SIGN_STYLE = Automatic;
				CURRENT_PROJECT_VERSION = 1;
				GENERATE_INFOPLIST_FILE = YES;
				MARKETING_VERSION = 1.0;
				PRODUCT_BUNDLE_IDENTIFIER = kwk.newFinalGroupProjectUITests;
				PRODUCT_NAME = "$(TARGET_NAME)";
				SWIFT_EMIT_LOC_STRINGS = NO;
				SWIFT_VERSION = 5.0;
				TARGETED_DEVICE_FAMILY = "1,2";
				TEST_TARGET_NAME = newFinalGroupProject;
			};
			name = Release;
		};
/* End XCBuildConfiguration section */

/* Begin XCConfigurationList section */
		2D28ABCC2C53D38500FC6470 /* Build configuration list for PBXProject "newFinalGroupProject" */ = {
			isa = XCConfigurationList;
			buildConfigurations = (
				2D28ABF32C53D38700FC6470 /* Debug */,
				2D28ABF42C53D38700FC6470 /* Release */,
			);
			defaultConfigurationIsVisible = 0;
			defaultConfigurationName = Release;
		};
		2D28ABF52C53D38700FC6470 /* Build configuration list for PBXNativeTarget "newFinalGroupProject" */ = {
			isa = XCConfigurationList;
			buildConfigurations = (
				2D28ABF62C53D38700FC6470 /* Debug */,
				2D28ABF72C53D38700FC6470 /* Release */,
			);
			defaultConfigurationIsVisible = 0;
			defaultConfigurationName = Release;
		};
		2D28ABF82C53D38700FC6470 /* Build configuration list for PBXNativeTarget "newFinalGroupProjectTests" */ = {
			isa = XCConfigurationList;
			buildConfigurations = (
				2D28ABF92C53D38700FC6470 /* Debug */,
				2D28ABFA2C53D38700FC6470 /* Release */,
			);
			defaultConfigurationIsVisible = 0;
			defaultConfigurationName = Release;
		};
		2D28ABFB2C53D38700FC6470 /* Build configuration list for PBXNativeTarget "newFinalGroupProjectUITests" */ = {
			isa = XCConfigurationList;
			buildConfigurations = (
				2D28ABFC2C53D38700FC6470 /* Debug */,
				2D28ABFD2C53D38700FC6470 /* Release */,
			);
			defaultConfigurationIsVisible = 0;
			defaultConfigurationName = Release;
		};
/* End XCConfigurationList section */
	};
	rootObject = 2D28ABC92C53D38500FC6470 /* Project object */;
}
